
Microsoft Visual Studio Solution File, Format Version 12.00
# Visual Studio 2013
VisualStudioVersion = 12.0.30626.0
MinimumVisualStudioVersion = 10.0.40219.1
Project("{FAE04EC0-301F-11D3-BF4B-00C04F79EFBC}") = "SocialIntegration.Android", "SocialIntegration.Android\SocialIntegration.Android.csproj", "{1FC405F4-55C1-4AD1-9D9D-59A69C6C007F}"
EndProject
Project("{FAE04EC0-301F-11D3-BF4B-00C04F79EFBC}") = "SocialIntegration.Core.Android", "SocialIntegration.Core.Android\SocialIntegration.Core.Android.csproj", "{B9B6048E-FCE4-41CC-A78A-F8190E3E80BC}"
EndProject
Project("{FAE04EC0-301F-11D3-BF4B-00C04F79EFBC}") = "SocialIntegration.Core.iOS", "SocialIntegration.Core.iOS\SocialIntegration.Core.iOS.csproj", "{C1159322-361F-440F-A663-7FED6CAA7C51}"
EndProject
Project("{FAE04EC0-301F-11D3-BF4B-00C04F79EFBC}") = "SocialIntegration.iOS", "SocialIntegration.iOS\SocialIntegration.iOS.csproj", "{5356CBC6-0592-4DBD-811E-19119D25F437}"
EndProject
Project("{FAE04EC0-301F-11D3-BF4B-00C04F79EFBC}") = "PCL", "PCL\PCL.csproj", "{AECCAE1F-6E9D-4114-87C9-7038CC053471}"
EndProject
Global
	GlobalSection(SolutionConfigurationPlatforms) = preSolution
		Ad-Hoc|Any CPU = Ad-Hoc|Any CPU
		Ad-Hoc|iPhone = Ad-Hoc|iPhone
		Ad-Hoc|iPhoneSimulator = Ad-Hoc|iPhoneSimulator
		Ad-Hoc|Mixed Platforms = Ad-Hoc|Mixed Platforms
		AppStore|Any CPU = AppStore|Any CPU
		AppStore|iPhone = AppStore|iPhone
		AppStore|iPhoneSimulator = AppStore|iPhoneSimulator
		AppStore|Mixed Platforms = AppStore|Mixed Platforms
		Debug|Any CPU = Debug|Any CPU
		Debug|iPhone = Debug|iPhone
		Debug|iPhoneSimulator = Debug|iPhoneSimulator
		Debug|Mixed Platforms = Debug|Mixed Platforms
		Release|Any CPU = Release|Any CPU
		Release|iPhone = Release|iPhone
		Release|iPhoneSimulator = Release|iPhoneSimulator
		Release|Mixed Platforms = Release|Mixed Platforms
	EndGlobalSection
	GlobalSection(ProjectConfigurationPlatforms) = postSolution
		{1FC405F4-55C1-4AD1-9D9D-59A69C6C007F}.Ad-Hoc|Any CPU.ActiveCfg = Release|Any CPU
		{1FC405F4-55C1-4AD1-9D9D-59A69C6C007F}.Ad-Hoc|Any CPU.Build.0 = Release|Any CPU
		{1FC405F4-55C1-4AD1-9D9D-59A69C6C007F}.Ad-Hoc|Any CPU.Deploy.0 = Release|Any CPU
		{1FC405F4-55C1-4AD1-9D9D-59A69C6C007F}.Ad-Hoc|iPhone.ActiveCfg = Release|Any CPU
		{1FC405F4-55C1-4AD1-9D9D-59A69C6C007F}.Ad-Hoc|iPhoneSimulator.ActiveCfg = Release|Any CPU
		{1FC405F4-55C1-4AD1-9D9D-59A69C6C007F}.Ad-Hoc|Mixed Platforms.ActiveCfg = Release|Any CPU
		{1FC405F4-55C1-4AD1-9D9D-59A69C6C007F}.Ad-Hoc|Mixed Platforms.Build.0 = Release|Any CPU
		{1FC405F4-55C1-4AD1-9D9D-59A69C6C007F}.Ad-Hoc|Mixed Platforms.Deploy.0 = Release|Any CPU
		{1FC405F4-55C1-4AD1-9D9D-59A69C6C007F}.AppStore|Any CPU.ActiveCfg = Release|Any CPU
		{1FC405F4-55C1-4AD1-9D9D-59A69C6C007F}.AppStore|Any CPU.Build.0 = Release|Any CPU
		{1FC405F4-55C1-4AD1-9D9D-59A69C6C007F}.AppStore|Any CPU.Deploy.0 = Release|Any CPU
		{1FC405F4-55C1-4AD1-9D9D-59A69C6C007F}.AppStore|iPhone.ActiveCfg = Release|Any CPU
		{1FC405F4-55C1-4AD1-9D9D-59A69C6C007F}.AppStore|iPhoneSimulator.ActiveCfg = Release|Any CPU
		{1FC405F4-55C1-4AD1-9D9D-59A69C6C007F}.AppStore|Mixed Platforms.ActiveCfg = Release|Any CPU
		{1FC405F4-55C1-4AD1-9D9D-59A69C6C007F}.AppStore|Mixed Platforms.Build.0 = Release|Any CPU
		{1FC405F4-55C1-4AD1-9D9D-59A69C6C007F}.AppStore|Mixed Platforms.Deploy.0 = Release|Any CPU
		{1FC405F4-55C1-4AD1-9D9D-59A69C6C007F}.Debug|Any CPU.ActiveCfg = Debug|Any CPU
		{1FC405F4-55C1-4AD1-9D9D-59A69C6C007F}.Debug|Any CPU.Build.0 = Debug|Any CPU
		{1FC405F4-55C1-4AD1-9D9D-59A69C6C007F}.Debug|Any CPU.Deploy.0 = Debug|Any CPU
		{1FC405F4-55C1-4AD1-9D9D-59A69C6C007F}.Debug|iPhone.ActiveCfg = Debug|Any CPU
		{1FC405F4-55C1-4AD1-9D9D-59A69C6C007F}.Debug|iPhone.Build.0 = Debug|Any CPU
		{1FC405F4-55C1-4AD1-9D9D-59A69C6C007F}.Debug|iPhoneSimulator.ActiveCfg = Debug|Any CPU
		{1FC405F4-55C1-4AD1-9D9D-59A69C6C007F}.Debug|iPhoneSimulator.Build.0 = Debug|Any CPU
		{1FC405F4-55C1-4AD1-9D9D-59A69C6C007F}.Debug|Mixed Platforms.ActiveCfg = Debug|Any CPU
		{1FC405F4-55C1-4AD1-9D9D-59A69C6C007F}.Debug|Mixed Platforms.Build.0 = Debug|Any CPU
		{1FC405F4-55C1-4AD1-9D9D-59A69C6C007F}.Debug|Mixed Platforms.Deploy.0 = Debug|Any CPU
		{1FC405F4-55C1-4AD1-9D9D-59A69C6C007F}.Release|Any CPU.ActiveCfg = Release|Any CPU
		{1FC405F4-55C1-4AD1-9D9D-59A69C6C007F}.Release|Any CPU.Build.0 = Release|Any CPU
		{1FC405F4-55C1-4AD1-9D9D-59A69C6C007F}.Release|Any CPU.Deploy.0 = Release|Any CPU
		{1FC405F4-55C1-4AD1-9D9D-59A69C6C007F}.Release|iPhone.ActiveCfg = Release|Any CPU
		{1FC405F4-55C1-4AD1-9D9D-59A69C6C007F}.Release|iPhoneSimulator.ActiveCfg = Release|Any CPU
		{1FC405F4-55C1-4AD1-9D9D-59A69C6C007F}.Release|Mixed Platforms.ActiveCfg = Release|Any CPU
		{1FC405F4-55C1-4AD1-9D9D-59A69C6C007F}.Release|Mixed Platforms.Build.0 = Release|Any CPU
		{1FC405F4-55C1-4AD1-9D9D-59A69C6C007F}.Release|Mixed Platforms.Deploy.0 = Release|Any CPU
		{B9B6048E-FCE4-41CC-A78A-F8190E3E80BC}.Ad-Hoc|Any CPU.ActiveCfg = Release|Any CPU
		{B9B6048E-FCE4-41CC-A78A-F8190E3E80BC}.Ad-Hoc|Any CPU.Build.0 = Release|Any CPU
		{B9B6048E-FCE4-41CC-A78A-F8190E3E80BC}.Ad-Hoc|iPhone.ActiveCfg = Release|Any CPU
		{B9B6048E-FCE4-41CC-A78A-F8190E3E80BC}.Ad-Hoc|iPhoneSimulator.ActiveCfg = Release|Any CPU
		{B9B6048E-FCE4-41CC-A78A-F8190E3E80BC}.Ad-Hoc|Mixed Platforms.ActiveCfg = Release|Any CPU
		{B9B6048E-FCE4-41CC-A78A-F8190E3E80BC}.Ad-Hoc|Mixed Platforms.Build.0 = Release|Any CPU
		{B9B6048E-FCE4-41CC-A78A-F8190E3E80BC}.AppStore|Any CPU.ActiveCfg = Release|Any CPU
		{B9B6048E-FCE4-41CC-A78A-F8190E3E80BC}.AppStore|Any CPU.Build.0 = Release|Any CPU
		{B9B6048E-FCE4-41CC-A78A-F8190E3E80BC}.AppStore|iPhone.ActiveCfg = Release|Any CPU
		{B9B6048E-FCE4-41CC-A78A-F8190E3E80BC}.AppStore|iPhoneSimulator.ActiveCfg = Release|Any CPU
		{B9B6048E-FCE4-41CC-A78A-F8190E3E80BC}.AppStore|Mixed Platforms.ActiveCfg = Release|Any CPU
		{B9B6048E-FCE4-41CC-A78A-F8190E3E80BC}.AppStore|Mixed Platforms.Build.0 = Release|Any CPU
		{B9B6048E-FCE4-41CC-A78A-F8190E3E80BC}.Debug|Any CPU.ActiveCfg = Debug|Any CPU
		{B9B6048E-FCE4-41CC-A78A-F8190E3E80BC}.Debug|Any CPU.Build.0 = Debug|Any CPU
		{B9B6048E-FCE4-41CC-A78A-F8190E3E80BC}.Debug|iPhone.ActiveCfg = Debug|Any CPU
		{B9B6048E-FCE4-41CC-A78A-F8190E3E80BC}.Debug|iPhone.Build.0 = Debug|Any CPU
		{B9B6048E-FCE4-41CC-A78A-F8190E3E80BC}.Debug|iPhoneSimulator.ActiveCfg = Debug|Any CPU
		{B9B6048E-FCE4-41CC-A78A-F8190E3E80BC}.Debug|iPhoneSimulator.Build.0 = Debug|Any CPU
		{B9B6048E-FCE4-41CC-A78A-F8190E3E80BC}.Debug|Mixed Platforms.ActiveCfg = Debug|Any CPU
		{B9B6048E-FCE4-41CC-A78A-F8190E3E80BC}.Debug|Mixed Platforms.Build.0 = Debug|Any CPU
		{B9B6048E-FCE4-41CC-A78A-F8190E3E80BC}.Release|Any CPU.ActiveCfg = Release|Any CPU
		{B9B6048E-FCE4-41CC-A78A-F8190E3E80BC}.Release|Any CPU.Build.0 = Release|Any CPU
		{B9B6048E-FCE4-41CC-A78A-F8190E3E80BC}.Release|iPhone.ActiveCfg = Release|Any CPU
		{B9B6048E-FCE4-41CC-A78A-F8190E3E80BC}.Release|iPhoneSimulator.ActiveCfg = Release|Any CPU
		{B9B6048E-FCE4-41CC-A78A-F8190E3E80BC}.Release|Mixed Platforms.ActiveCfg = Release|Any CPU
		{B9B6048E-FCE4-41CC-A78A-F8190E3E80BC}.Release|Mixed Platforms.Build.0 = Release|Any CPU
		{C1159322-361F-440F-A663-7FED6CAA7C51}.Ad-Hoc|Any CPU.ActiveCfg = Ad-Hoc|iPhone
		{C1159322-361F-440F-A663-7FED6CAA7C51}.Ad-Hoc|iPhone.ActiveCfg = Ad-Hoc|iPhone
		{C1159322-361F-440F-A663-7FED6CAA7C51}.Ad-Hoc|iPhone.Build.0 = Ad-Hoc|iPhone
		{C1159322-361F-440F-A663-7FED6CAA7C51}.Ad-Hoc|iPhone.Deploy.0 = Ad-Hoc|iPhone
		{C1159322-361F-440F-A663-7FED6CAA7C51}.Ad-Hoc|iPhoneSimulator.ActiveCfg = Ad-Hoc|iPhoneSimulator
		{C1159322-361F-440F-A663-7FED6CAA7C51}.Ad-Hoc|iPhoneSimulator.Build.0 = Ad-Hoc|iPhoneSimulator
		{C1159322-361F-440F-A663-7FED6CAA7C51}.Ad-Hoc|iPhoneSimulator.Deploy.0 = Ad-Hoc|iPhoneSimulator
		{C1159322-361F-440F-A663-7FED6CAA7C51}.Ad-Hoc|Mixed Platforms.ActiveCfg = Ad-Hoc|iPhone
		{C1159322-361F-440F-A663-7FED6CAA7C51}.Ad-Hoc|Mixed Platforms.Build.0 = Ad-Hoc|iPhone
		{C1159322-361F-440F-A663-7FED6CAA7C51}.Ad-Hoc|Mixed Platforms.Deploy.0 = Ad-Hoc|iPhone
		{C1159322-361F-440F-A663-7FED6CAA7C51}.AppStore|Any CPU.ActiveCfg = AppStore|iPhone
		{C1159322-361F-440F-A663-7FED6CAA7C51}.AppStore|iPhone.ActiveCfg = AppStore|iPhone
		{C1159322-361F-440F-A663-7FED6CAA7C51}.AppStore|iPhone.Build.0 = AppStore|iPhone
		{C1159322-361F-440F-A663-7FED6CAA7C51}.AppStore|iPhone.Deploy.0 = AppStore|iPhone
		{C1159322-361F-440F-A663-7FED6CAA7C51}.AppStore|iPhoneSimulator.ActiveCfg = AppStore|iPhoneSimulator
		{C1159322-361F-440F-A663-7FED6CAA7C51}.AppStore|iPhoneSimulator.Build.0 = AppStore|iPhoneSimulator
		{C1159322-361F-440F-A663-7FED6CAA7C51}.AppStore|iPhoneSimulator.Deploy.0 = AppStore|iPhoneSimulator
		{C1159322-361F-440F-A663-7FED6CAA7C51}.AppStore|Mixed Platforms.ActiveCfg = AppStore|iPhone
		{C1159322-361F-440F-A663-7FED6CAA7C51}.AppStore|Mixed Platforms.Build.0 = AppStore|iPhone
		{C1159322-361F-440F-A663-7FED6CAA7C51}.AppStore|Mixed Platforms.Deploy.0 = AppStore|iPhone
		{C1159322-361F-440F-A663-7FED6CAA7C51}.Debug|Any CPU.ActiveCfg = Debug|iPhone
		{C1159322-361F-440F-A663-7FED6CAA7C51}.Debug|iPhone.ActiveCfg = Debug|iPhone
		{C1159322-361F-440F-A663-7FED6CAA7C51}.Debug|iPhone.Build.0 = Debug|iPhone
		{C1159322-361F-440F-A663-7FED6CAA7C51}.Debug|iPhone.Deploy.0 = Debug|iPhone
		{C1159322-361F-440F-A663-7FED6CAA7C51}.Debug|iPhoneSimulator.ActiveCfg = Debug|iPhoneSimulator
		{C1159322-361F-440F-A663-7FED6CAA7C51}.Debug|iPhoneSimulator.Build.0 = Debug|iPhoneSimulator
		{C1159322-361F-440F-A663-7FED6CAA7C51}.Debug|Mixed Platforms.ActiveCfg = Debug|iPhone
		{C1159322-361F-440F-A663-7FED6CAA7C51}.Debug|Mixed Platforms.Build.0 = Debug|iPhone
		{C1159322-361F-440F-A663-7FED6CAA7C51}.Debug|Mixed Platforms.Deploy.0 = Debug|iPhone
		{C1159322-361F-440F-A663-7FED6CAA7C51}.Release|Any CPU.ActiveCfg = Release|iPhone
		{C1159322-361F-440F-A663-7FED6CAA7C51}.Release|iPhone.ActiveCfg = Release|iPhone
		{C1159322-361F-440F-A663-7FED6CAA7C51}.Release|iPhone.Build.0 = Release|iPhone
		{C1159322-361F-440F-A663-7FED6CAA7C51}.Release|iPhone.Deploy.0 = Release|iPhone
		{C1159322-361F-440F-A663-7FED6CAA7C51}.Release|iPhoneSimulator.ActiveCfg = Release|iPhoneSimulator
		{C1159322-361F-440F-A663-7FED6CAA7C51}.Release|iPhoneSimulator.Build.0 = Release|iPhoneSimulator
		{C1159322-361F-440F-A663-7FED6CAA7C51}.Release|iPhoneSimulator.Deploy.0 = Release|iPhoneSimulator
		{C1159322-361F-440F-A663-7FED6CAA7C51}.Release|Mixed Platforms.ActiveCfg = Release|iPhone
		{C1159322-361F-440F-A663-7FED6CAA7C51}.Release|Mixed Platforms.Build.0 = Release|iPhone
		{C1159322-361F-440F-A663-7FED6CAA7C51}.Release|Mixed Platforms.Deploy.0 = Release|iPhone
		{5356CBC6-0592-4DBD-811E-19119D25F437}.Ad-Hoc|Any CPU.ActiveCfg = Ad-Hoc|iPhone
		{5356CBC6-0592-4DBD-811E-19119D25F437}.Ad-Hoc|iPhone.ActiveCfg = Ad-Hoc|iPhone
		{5356CBC6-0592-4DBD-811E-19119D25F437}.Ad-Hoc|iPhone.Build.0 = Ad-Hoc|iPhone
		{5356CBC6-0592-4DBD-811E-19119D25F437}.Ad-Hoc|iPhone.Deploy.0 = Ad-Hoc|iPhone
		{5356CBC6-0592-4DBD-811E-19119D25F437}.Ad-Hoc|iPhoneSimulator.ActiveCfg = Ad-Hoc|iPhoneSimulator
		{5356CBC6-0592-4DBD-811E-19119D25F437}.Ad-Hoc|iPhoneSimulator.Build.0 = Ad-Hoc|iPhoneSimulator
		{5356CBC6-0592-4DBD-811E-19119D25F437}.Ad-Hoc|iPhoneSimulator.Deploy.0 = Ad-Hoc|iPhoneSimulator
		{5356CBC6-0592-4DBD-811E-19119D25F437}.Ad-Hoc|Mixed Platforms.ActiveCfg = Ad-Hoc|iPhone
		{5356CBC6-0592-4DBD-811E-19119D25F437}.Ad-Hoc|Mixed Platforms.Build.0 = Ad-Hoc|iPhone
		{5356CBC6-0592-4DBD-811E-19119D25F437}.Ad-Hoc|Mixed Platforms.Deploy.0 = Ad-Hoc|iPhone
		{5356CBC6-0592-4DBD-811E-19119D25F437}.AppStore|Any CPU.ActiveCfg = AppStore|iPhone
		{5356CBC6-0592-4DBD-811E-19119D25F437}.AppStore|iPhone.ActiveCfg = AppStore|iPhone
		{5356CBC6-0592-4DBD-811E-19119D25F437}.AppStore|iPhone.Build.0 = AppStore|iPhone
		{5356CBC6-0592-4DBD-811E-19119D25F437}.AppStore|iPhone.Deploy.0 = AppStore|iPhone
		{5356CBC6-0592-4DBD-811E-19119D25F437}.AppStore|iPhoneSimulator.ActiveCfg = AppStore|iPhoneSimulator
		{5356CBC6-0592-4DBD-811E-19119D25F437}.AppStore|iPhoneSimulator.Build.0 = AppStore|iPhoneSimulator
		{5356CBC6-0592-4DBD-811E-19119D25F437}.AppStore|iPhoneSimulator.Deploy.0 = AppStore|iPhoneSimulator
		{5356CBC6-0592-4DBD-811E-19119D25F437}.AppStore|Mixed Platforms.ActiveCfg = AppStore|iPhone
		{5356CBC6-0592-4DBD-811E-19119D25F437}.AppStore|Mixed Platforms.Build.0 = AppStore|iPhone
		{5356CBC6-0592-4DBD-811E-19119D25F437}.AppStore|Mixed Platforms.Deploy.0 = AppStore|iPhone
		{5356CBC6-0592-4DBD-811E-19119D25F437}.Debug|Any CPU.ActiveCfg = Debug|iPhone
		{5356CBC6-0592-4DBD-811E-19119D25F437}.Debug|iPhone.ActiveCfg = Debug|iPhone
		{5356CBC6-0592-4DBD-811E-19119D25F437}.Debug|iPhone.Build.0 = Debug|iPhone
		{5356CBC6-0592-4DBD-811E-19119D25F437}.Debug|iPhone.Deploy.0 = Debug|iPhone
		{5356CBC6-0592-4DBD-811E-19119D25F437}.Debug|iPhoneSimulator.ActiveCfg = Debug|iPhoneSimulator
		{5356CBC6-0592-4DBD-811E-19119D25F437}.Debug|iPhoneSimulator.Build.0 = Debug|iPhoneSimulator
		{5356CBC6-0592-4DBD-811E-19119D25F437}.Debug|iPhoneSimulator.Deploy.0 = Debug|iPhoneSimulator
		{5356CBC6-0592-4DBD-811E-19119D25F437}.Debug|Mixed Platforms.ActiveCfg = Debug|iPhone
		{5356CBC6-0592-4DBD-811E-19119D25F437}.Debug|Mixed Platforms.Build.0 = Debug|iPhone
		{5356CBC6-0592-4DBD-811E-19119D25F437}.Debug|Mixed Platforms.Deploy.0 = Debug|iPhone
		{5356CBC6-0592-4DBD-811E-19119D25F437}.Release|Any CPU.ActiveCfg = Release|iPhone
		{5356CBC6-0592-4DBD-811E-19119D25F437}.Release|iPhone.ActiveCfg = Release|iPhone
		{5356CBC6-0592-4DBD-811E-19119D25F437}.Release|iPhone.Build.0 = Release|iPhone
		{5356CBC6-0592-4DBD-811E-19119D25F437}.Release|iPhone.Deploy.0 = Release|iPhone
		{5356CBC6-0592-4DBD-811E-19119D25F437}.Release|iPhoneSimulator.ActiveCfg = Release|iPhoneSimulator
		{5356CBC6-0592-4DBD-811E-19119D25F437}.Release|iPhoneSimulator.Build.0 = Release|iPhoneSimulator
		{5356CBC6-0592-4DBD-811E-19119D25F437}.Release|iPhoneSimulator.Deploy.0 = Release|iPhoneSimulator
		{5356CBC6-0592-4DBD-811E-19119D25F437}.Release|Mixed Platforms.ActiveCfg = Release|iPhone
		{5356CBC6-0592-4DBD-811E-19119D25F437}.Release|Mixed Platforms.Build.0 = Release|iPhone
		{5356CBC6-0592-4DBD-811E-19119D25F437}.Release|Mixed Platforms.Deploy.0 = Release|iPhone
		{AECCAE1F-6E9D-4114-87C9-7038CC053471}.Ad-Hoc|Any CPU.ActiveCfg = Release|Any CPU
		{AECCAE1F-6E9D-4114-87C9-7038CC053471}.Ad-Hoc|Any CPU.Build.0 = Release|Any CPU
		{AECCAE1F-6E9D-4114-87C9-7038CC053471}.Ad-Hoc|iPhone.ActiveCfg = Release|Any CPU
		{AECCAE1F-6E9D-4114-87C9-7038CC053471}.Ad-Hoc|iPhoneSimulator.ActiveCfg = Release|Any CPU
		{AECCAE1F-6E9D-4114-87C9-7038CC053471}.Ad-Hoc|Mixed Platforms.ActiveCfg = Release|Any CPU
		{AECCAE1F-6E9D-4114-87C9-7038CC053471}.Ad-Hoc|Mixed Platforms.Build.0 = Release|Any CPU
		{AECCAE1F-6E9D-4114-87C9-7038CC053471}.AppStore|Any CPU.ActiveCfg = Release|Any CPU
		{AECCAE1F-6E9D-4114-87C9-7038CC053471}.AppStore|Any CPU.Build.0 = Release|Any CPU
		{AECCAE1F-6E9D-4114-87C9-7038CC053471}.AppStore|iPhone.ActiveCfg = Release|Any CPU
		{AECCAE1F-6E9D-4114-87C9-7038CC053471}.AppStore|iPhoneSimulator.ActiveCfg = Release|Any CPU
		{AECCAE1F-6E9D-4114-87C9-7038CC053471}.AppStore|Mixed Platforms.ActiveCfg = Release|Any CPU
		{AECCAE1F-6E9D-4114-87C9-7038CC053471}.AppStore|Mixed Platforms.Build.0 = Release|Any CPU
		{AECCAE1F-6E9D-4114-87C9-7038CC053471}.Debug|Any CPU.ActiveCfg = Debug|Any CPU
		{AECCAE1F-6E9D-4114-87C9-7038CC053471}.Debug|Any CPU.Build.0 = Debug|Any CPU
		{AECCAE1F-6E9D-4114-87C9-7038CC053471}.Debug|iPhone.ActiveCfg = Debug|Any CPU
		{AECCAE1F-6E9D-4114-87C9-7038CC053471}.Debug|iPhoneSimulator.ActiveCfg = Debug|Any CPU
		{AECCAE1F-6E9D-4114-87C9-7038CC053471}.Debug|iPhoneSimulator.Build.0 = Debug|Any CPU
		{AECCAE1F-6E9D-4114-87C9-7038CC053471}.Debug|Mixed Platforms.ActiveCfg = Debug|Any CPU
		{AECCAE1F-6E9D-4114-87C9-7038CC053471}.Debug|Mixed Platforms.Build.0 = Debug|Any CPU
		{AECCAE1F-6E9D-4114-87C9-7038CC053471}.Release|Any CPU.ActiveCfg = Release|Any CPU
		{AECCAE1F-6E9D-4114-87C9-7038CC053471}.Release|Any CPU.Build.0 = Release|Any CPU
		{AECCAE1F-6E9D-4114-87C9-7038CC053471}.Release|iPhone.ActiveCfg = Release|Any CPU
		{AECCAE1F-6E9D-4114-87C9-7038CC053471}.Release|iPhoneSimulator.ActiveCfg = Release|Any CPU
		{AECCAE1F-6E9D-4114-87C9-7038CC053471}.Release|Mixed Platforms.ActiveCfg = Release|Any CPU
		{AECCAE1F-6E9D-4114-87C9-7038CC053471}.Release|Mixed Platforms.Build.0 = Release|Any CPU
	EndGlobalSection
	GlobalSection(SolutionProperties) = preSolution
		HideSolutionNode = FALSE
	EndGlobalSection
EndGlobal
